
Microsoft Visual Studio Solution File, Format Version 12.00
# Visual Studio 15
VisualStudioVersion = 15.0.26730.16
MinimumVisualStudioVersion = 10.0.40219.1
Project("{FAE04EC0-301F-11D3-BF4B-00C04F79EFBC}") = "OdeToFood-CoreFundamentals", "OdeToFood-CoreFundamentals\OdeToFood-CoreFundamentals.csproj", "{B1B78C50-7EC9-477B-975C-320C7710BBEA}"
EndProject
Global
	GlobalSection(SolutionConfigurationPlatforms) = preSolution
		Debug|Any CPU = Debug|Any CPU
		Release|Any CPU = Release|Any CPU
	EndGlobalSection
	GlobalSection(ProjectConfigurationPlatforms) = postSolution
		{B1B78C50-7EC9-477B-975C-320C7710BBEA}.Debug|Any CPU.ActiveCfg = Debug|Any CPU
		{B1B78C50-7EC9-477B-975C-320C7710BBEA}.Debug|Any CPU.Build.0 = Debug|Any CPU
		{B1B78C50-7EC9-477B-975C-320C7710BBEA}.Release|Any CPU.ActiveCfg = Release|Any CPU
		{B1B78C50-7EC9-477B-975C-320C7710BBEA}.Release|Any CPU.Build.0 = Release|Any CPU
	EndGlobalSection
	GlobalSection(SolutionProperties) = preSolution
		HideSolutionNode = FALSE
	EndGlobalSection
	GlobalSection(ExtensibilityGlobals) = postSolution
		SolutionGuid = {6016D13E-52F3-4E94-9C9A-1848422F0D07}
	EndGlobalSection
EndGlobal
